<?xml version="1.0" encoding="utf-8"?>
<Project ToolsVersion="4.0" xmlns="http://schemas.microsoft.com/developer/msbuild/2003">
  <ItemGroup>
    <ClCompile Include="$(MSBuildThisFileDirectory)login.cpp">
      <Filter>source</Filter>
    </ClCompile>
    <ClCompile Include="$(MSBuildThisFileDirectory)main.cpp">
      <Filter>source</Filter>
    </ClCompile>
    <ClCompile Include="$(MSBuildThisFileDirectory)register.cpp">
      <Filter>source</Filter>
    </ClCompile>
    <ClCompile Include="$(MSBuildThisFileDirectory)viewAccounts.cpp">
      <Filter>source</Filter>
    </ClCompile>
    <ClCompile Include="$(MSBuildThisFileDirectory)fileHandler.cpp">
      <Filter>source</Filter>
    </ClCompile>
  </ItemGroup>
  <ItemGroup>
    <Filter Include="source">
      <UniqueIdentifier>{b3d03307-11ad-4ae8-b09a-deff6fae1eef}</UniqueIdentifier>
    </Filter>
    <Filter Include="headers">
      <UniqueIdentifier>{f28acf8a-01bc-4b5d-873b-3990b0c23aec}</UniqueIdentifier>
    </Filter>
  </ItemGroup>
  <ItemGroup>
    <ClInclude Include="$(MSBuildThisFileDirectory)options.h">
      <Filter>headers</Filter>
    </ClInclude>
  </ItemGroup>
  <ItemGroup>
    <Text Include="$(MSBuildThisFileDirectory)user.txt" />
  </ItemGroup>
</Project>